
Microsoft Visual Studio Solution File, Format Version 12.00
# Visual Studio Version 16
VisualStudioVersion = 16.0.33529.622
MinimumVisualStudioVersion = 10.0.40219.1
Project("{FAE04EC0-301F-11D3-BF4B-00C04F79EFBC}") = "Transa", "Transa\Transa.csproj", "{91CA645F-7287-48DC-92C1-95B92F3514C7}"
EndProject
Global
	GlobalSection(SolutionConfigurationPlatforms) = preSolution
		Debug|Any CPU = Debug|Any CPU
		Release|Any CPU = Release|Any CPU
	EndGlobalSection
	GlobalSection(ProjectConfigurationPlatforms) = postSolution
		{91CA645F-7287-48DC-92C1-95B92F3514C7}.Debug|Any CPU.ActiveCfg = Debug|Any CPU
		{91CA645F-7287-48DC-92C1-95B92F3514C7}.Debug|Any CPU.Build.0 = Debug|Any CPU
		{91CA645F-7287-48DC-92C1-95B92F3514C7}.Release|Any CPU.ActiveCfg = Release|Any CPU
		{91CA645F-7287-48DC-92C1-95B92F3514C7}.Release|Any CPU.Build.0 = Release|Any CPU
	EndGlobalSection
	GlobalSection(SolutionProperties) = preSolution
		HideSolutionNode = FALSE
	EndGlobalSection
	GlobalSection(ExtensibilityGlobals) = postSolution
		SolutionGuid = {25EBE9A4-93B0-4EA8-A70F-289CCC53DD17}
	EndGlobalSection
EndGlobal
